
Microsoft Visual Studio Solution File, Format Version 12.00
# Visual Studio 15
VisualStudioVersion = 15.0.26228.4
MinimumVisualStudioVersion = 10.0.40219.1
Project("{D954291E-2A0B-460D-934E-DC6B0785DB48}") = "Geomantica", "Geomantica\Geomantica\Geomantica.shproj", "{997E59CA-8DA8-4D6B-9E98-5543A977F480}"
EndProject
Project("{FAE04EC0-301F-11D3-BF4B-00C04F79EFBC}") = "Geomantica.Android", "Geomantica\Geomantica.Android\Geomantica.Android.csproj", "{7A305D5F-B180-4134-83BA-27375918EE4B}"
EndProject
Project("{FAE04EC0-301F-11D3-BF4B-00C04F79EFBC}") = "Geomantica.iOS", "Geomantica\Geomantica.iOS\Geomantica.iOS.csproj", "{4FED1E22-19C4-4650-B41E-3207B1D56A46}"
EndProject
Project("{FAE04EC0-301F-11D3-BF4B-00C04F79EFBC}") = "Geomantica.UWP", "Geomantica\Geomantica.UWP\Geomantica.UWP.csproj", "{F0FDB6AC-B5CE-4A21-878D-37DF0A5C400A}"
EndProject
Global
	GlobalSection(SharedMSBuildProjectFiles) = preSolution
		Geomantica\Geomantica\Geomantica.projitems*{4fed1e22-19c4-4650-b41e-3207b1d56a46}*SharedItemsImports = 4
		Geomantica\Geomantica\Geomantica.projitems*{7a305d5f-b180-4134-83ba-27375918ee4b}*SharedItemsImports = 4
		Geomantica\Geomantica\Geomantica.projitems*{997e59ca-8da8-4d6b-9e98-5543a977f480}*SharedItemsImports = 13
		Geomantica\Geomantica\Geomantica.projitems*{f0fdb6ac-b5ce-4a21-878d-37df0a5c400a}*SharedItemsImports = 4
	EndGlobalSection
	GlobalSection(SolutionConfigurationPlatforms) = preSolution
		Ad-Hoc|Any CPU = Ad-Hoc|Any CPU
		Ad-Hoc|ARM = Ad-Hoc|ARM
		Ad-Hoc|iPhone = Ad-Hoc|iPhone
		Ad-Hoc|iPhoneSimulator = Ad-Hoc|iPhoneSimulator
		Ad-Hoc|x64 = Ad-Hoc|x64
		Ad-Hoc|x86 = Ad-Hoc|x86
		AppStore|Any CPU = AppStore|Any CPU
		AppStore|ARM = AppStore|ARM
		AppStore|iPhone = AppStore|iPhone
		AppStore|iPhoneSimulator = AppStore|iPhoneSimulator
		AppStore|x64 = AppStore|x64
		AppStore|x86 = AppStore|x86
		Debug|Any CPU = Debug|Any CPU
		Debug|ARM = Debug|ARM
		Debug|iPhone = Debug|iPhone
		Debug|iPhoneSimulator = Debug|iPhoneSimulator
		Debug|x64 = Debug|x64
		Debug|x86 = Debug|x86
		Release|Any CPU = Release|Any CPU
		Release|ARM = Release|ARM
		Release|iPhone = Release|iPhone
		Release|iPhoneSimulator = Release|iPhoneSimulator
		Release|x64 = Release|x64
		Release|x86 = Release|x86
	EndGlobalSection
	GlobalSection(ProjectConfigurationPlatforms) = postSolution
		{7A305D5F-B180-4134-83BA-27375918EE4B}.Ad-Hoc|Any CPU.ActiveCfg = Release|Any CPU
		{7A305D5F-B180-4134-83BA-27375918EE4B}.Ad-Hoc|Any CPU.Build.0 = Release|Any CPU
		{7A305D5F-B180-4134-83BA-27375918EE4B}.Ad-Hoc|Any CPU.Deploy.0 = Release|Any CPU
		{7A305D5F-B180-4134-83BA-27375918EE4B}.Ad-Hoc|ARM.ActiveCfg = Release|Any CPU
		{7A305D5F-B180-4134-83BA-27375918EE4B}.Ad-Hoc|ARM.Build.0 = Release|Any CPU
		{7A305D5F-B180-4134-83BA-27375918EE4B}.Ad-Hoc|ARM.Deploy.0 = Release|Any CPU
		{7A305D5F-B180-4134-83BA-27375918EE4B}.Ad-Hoc|iPhone.ActiveCfg = Release|Any CPU
		{7A305D5F-B180-4134-83BA-27375918EE4B}.Ad-Hoc|iPhone.Build.0 = Release|Any CPU
		{7A305D5F-B180-4134-83BA-27375918EE4B}.Ad-Hoc|iPhone.Deploy.0 = Release|Any CPU
		{7A305D5F-B180-4134-83BA-27375918EE4B}.Ad-Hoc|iPhoneSimulator.ActiveCfg = Release|Any CPU
		{7A305D5F-B180-4134-83BA-27375918EE4B}.Ad-Hoc|iPhoneSimulator.Build.0 = Release|Any CPU
		{7A305D5F-B180-4134-83BA-27375918EE4B}.Ad-Hoc|iPhoneSimulator.Deploy.0 = Release|Any CPU
		{7A305D5F-B180-4134-83BA-27375918EE4B}.Ad-Hoc|x64.ActiveCfg = Release|Any CPU
		{7A305D5F-B180-4134-83BA-27375918EE4B}.Ad-Hoc|x64.Build.0 = Release|Any CPU
		{7A305D5F-B180-4134-83BA-27375918EE4B}.Ad-Hoc|x64.Deploy.0 = Release|Any CPU
		{7A305D5F-B180-4134-83BA-27375918EE4B}.Ad-Hoc|x86.ActiveCfg = Release|Any CPU
		{7A305D5F-B180-4134-83BA-27375918EE4B}.Ad-Hoc|x86.Build.0 = Release|Any CPU
		{7A305D5F-B180-4134-83BA-27375918EE4B}.Ad-Hoc|x86.Deploy.0 = Release|Any CPU
		{7A305D5F-B180-4134-83BA-27375918EE4B}.AppStore|Any CPU.ActiveCfg = Release|Any CPU
		{7A305D5F-B180-4134-83BA-27375918EE4B}.AppStore|Any CPU.Build.0 = Release|Any CPU
		{7A305D5F-B180-4134-83BA-27375918EE4B}.AppStore|Any CPU.Deploy.0 = Release|Any CPU
		{7A305D5F-B180-4134-83BA-27375918EE4B}.AppStore|ARM.ActiveCfg = Release|Any CPU
		{7A305D5F-B180-4134-83BA-27375918EE4B}.AppStore|ARM.Build.0 = Release|Any CPU
		{7A305D5F-B180-4134-83BA-27375918EE4B}.AppStore|ARM.Deploy.0 = Release|Any CPU
		{7A305D5F-B180-4134-83BA-27375918EE4B}.AppStore|iPhone.ActiveCfg = Release|Any CPU
		{7A305D5F-B180-4134-83BA-27375918EE4B}.AppStore|iPhone.Build.0 = Release|Any CPU
		{7A305D5F-B180-4134-83BA-27375918EE4B}.AppStore|iPhone.Deploy.0 = Release|Any CPU
		{7A305D5F-B180-4134-83BA-27375918EE4B}.AppStore|iPhoneSimulator.ActiveCfg = Release|Any CPU
		{7A305D5F-B180-4134-83BA-27375918EE4B}.AppStore|iPhoneSimulator.Build.0 = Release|Any CPU
		{7A305D5F-B180-4134-83BA-27375918EE4B}.AppStore|iPhoneSimulator.Deploy.0 = Release|Any CPU
		{7A305D5F-B180-4134-83BA-27375918EE4B}.AppStore|x64.ActiveCfg = Release|Any CPU
		{7A305D5F-B180-4134-83BA-27375918EE4B}.AppStore|x64.Build.0 = Release|Any CPU
		{7A305D5F-B180-4134-83BA-27375918EE4B}.AppStore|x64.Deploy.0 = Release|Any CPU
		{7A305D5F-B180-4134-83BA-27375918EE4B}.AppStore|x86.ActiveCfg = Release|Any CPU
		{7A305D5F-B180-4134-83BA-27375918EE4B}.AppStore|x86.Build.0 = Release|Any CPU
		{7A305D5F-B180-4134-83BA-27375918EE4B}.AppStore|x86.Deploy.0 = Release|Any CPU
		{7A305D5F-B180-4134-83BA-27375918EE4B}.Debug|Any CPU.ActiveCfg = Debug|Any CPU
		{7A305D5F-B180-4134-83BA-27375918EE4B}.Debug|Any CPU.Build.0 = Debug|Any CPU
		{7A305D5F-B180-4134-83BA-27375918EE4B}.Debug|Any CPU.Deploy.0 = Debug|Any CPU
		{7A305D5F-B180-4134-83BA-27375918EE4B}.Debug|ARM.ActiveCfg = Debug|Any CPU
		{7A305D5F-B180-4134-83BA-27375918EE4B}.Debug|ARM.Build.0 = Debug|Any CPU
		{7A305D5F-B180-4134-83BA-27375918EE4B}.Debug|ARM.Deploy.0 = Debug|Any CPU
		{7A305D5F-B180-4134-83BA-27375918EE4B}.Debug|iPhone.ActiveCfg = Debug|Any CPU
		{7A305D5F-B180-4134-83BA-27375918EE4B}.Debug|iPhone.Build.0 = Debug|Any CPU
		{7A305D5F-B180-4134-83BA-27375918EE4B}.Debug|iPhone.Deploy.0 = Debug|Any CPU
		{7A305D5F-B180-4134-83BA-27375918EE4B}.Debug|iPhoneSimulator.ActiveCfg = Debug|Any CPU
		{7A305D5F-B180-4134-83BA-27375918EE4B}.Debug|iPhoneSimulator.Build.0 = Debug|Any CPU
		{7A305D5F-B180-4134-83BA-27375918EE4B}.Debug|iPhoneSimulator.Deploy.0 = Debug|Any CPU
		{7A305D5F-B180-4134-83BA-27375918EE4B}.Debug|x64.ActiveCfg = Debug|Any CPU
		{7A305D5F-B180-4134-83BA-27375918EE4B}.Debug|x64.Build.0 = Debug|Any CPU
		{7A305D5F-B180-4134-83BA-27375918EE4B}.Debug|x64.Deploy.0 = Debug|Any CPU
		{7A305D5F-B180-4134-83BA-27375918EE4B}.Debug|x86.ActiveCfg = Debug|Any CPU
		{7A305D5F-B180-4134-83BA-27375918EE4B}.Debug|x86.Build.0 = Debug|Any CPU
		{7A305D5F-B180-4134-83BA-27375918EE4B}.Debug|x86.Deploy.0 = Debug|Any CPU
		{7A305D5F-B180-4134-83BA-27375918EE4B}.Release|Any CPU.ActiveCfg = Release|Any CPU
		{7A305D5F-B180-4134-83BA-27375918EE4B}.Release|Any CPU.Build.0 = Release|Any CPU
		{7A305D5F-B180-4134-83BA-27375918EE4B}.Release|Any CPU.Deploy.0 = Release|Any CPU
		{7A305D5F-B180-4134-83BA-27375918EE4B}.Release|ARM.ActiveCfg = Release|Any CPU
		{7A305D5F-B180-4134-83BA-27375918EE4B}.Release|ARM.Build.0 = Release|Any CPU
		{7A305D5F-B180-4134-83BA-27375918EE4B}.Release|ARM.Deploy.0 = Release|Any CPU
		{7A305D5F-B180-4134-83BA-27375918EE4B}.Release|iPhone.ActiveCfg = Release|Any CPU
		{7A305D5F-B180-4134-83BA-27375918EE4B}.Release|iPhone.Build.0 = Release|Any CPU
		{7A305D5F-B180-4134-83BA-27375918EE4B}.Release|iPhone.Deploy.0 = Release|Any CPU
		{7A305D5F-B180-4134-83BA-27375918EE4B}.Release|iPhoneSimulator.ActiveCfg = Release|Any CPU
		{7A305D5F-B180-4134-83BA-27375918EE4B}.Release|iPhoneSimulator.Build.0 = Release|Any CPU
		{7A305D5F-B180-4134-83BA-27375918EE4B}.Release|iPhoneSimulator.Deploy.0 = Release|Any CPU
		{7A305D5F-B180-4134-83BA-27375918EE4B}.Release|x64.ActiveCfg = Release|Any CPU
		{7A305D5F-B180-4134-83BA-27375918EE4B}.Release|x64.Build.0 = Release|Any CPU
		{7A305D5F-B180-4134-83BA-27375918EE4B}.Release|x64.Deploy.0 = Release|Any CPU
		{7A305D5F-B180-4134-83BA-27375918EE4B}.Release|x86.ActiveCfg = Release|Any CPU
		{7A305D5F-B180-4134-83BA-27375918EE4B}.Release|x86.Build.0 = Release|Any CPU
		{7A305D5F-B180-4134-83BA-27375918EE4B}.Release|x86.Deploy.0 = Release|Any CPU
		{4FED1E22-19C4-4650-B41E-3207B1D56A46}.Ad-Hoc|Any CPU.ActiveCfg = Ad-Hoc|iPhone
		{4FED1E22-19C4-4650-B41E-3207B1D56A46}.Ad-Hoc|ARM.ActiveCfg = Ad-Hoc|iPhone
		{4FED1E22-19C4-4650-B41E-3207B1D56A46}.Ad-Hoc|iPhone.ActiveCfg = Ad-Hoc|iPhone
		{4FED1E22-19C4-4650-B41E-3207B1D56A46}.Ad-Hoc|iPhone.Build.0 = Ad-Hoc|iPhone
		{4FED1E22-19C4-4650-B41E-3207B1D56A46}.Ad-Hoc|iPhoneSimulator.ActiveCfg = Ad-Hoc|iPhoneSimulator
		{4FED1E22-19C4-4650-B41E-3207B1D56A46}.Ad-Hoc|iPhoneSimulator.Build.0 = Ad-Hoc|iPhoneSimulator
		{4FED1E22-19C4-4650-B41E-3207B1D56A46}.Ad-Hoc|x64.ActiveCfg = Ad-Hoc|iPhone
		{4FED1E22-19C4-4650-B41E-3207B1D56A46}.Ad-Hoc|x86.ActiveCfg = Ad-Hoc|iPhone
		{4FED1E22-19C4-4650-B41E-3207B1D56A46}.AppStore|Any CPU.ActiveCfg = AppStore|iPhone
		{4FED1E22-19C4-4650-B41E-3207B1D56A46}.AppStore|ARM.ActiveCfg = AppStore|iPhone
		{4FED1E22-19C4-4650-B41E-3207B1D56A46}.AppStore|iPhone.ActiveCfg = AppStore|iPhone
		{4FED1E22-19C4-4650-B41E-3207B1D56A46}.AppStore|iPhone.Build.0 = AppStore|iPhone
		{4FED1E22-19C4-4650-B41E-3207B1D56A46}.AppStore|iPhoneSimulator.ActiveCfg = AppStore|iPhoneSimulator
		{4FED1E22-19C4-4650-B41E-3207B1D56A46}.AppStore|iPhoneSimulator.Build.0 = AppStore|iPhoneSimulator
		{4FED1E22-19C4-4650-B41E-3207B1D56A46}.AppStore|x64.ActiveCfg = AppStore|iPhone
		{4FED1E22-19C4-4650-B41E-3207B1D56A46}.AppStore|x86.ActiveCfg = AppStore|iPhone
		{4FED1E22-19C4-4650-B41E-3207B1D56A46}.Debug|Any CPU.ActiveCfg = Debug|iPhone
		{4FED1E22-19C4-4650-B41E-3207B1D56A46}.Debug|ARM.ActiveCfg = Debug|iPhone
		{4FED1E22-19C4-4650-B41E-3207B1D56A46}.Debug|iPhone.ActiveCfg = Debug|iPhone
		{4FED1E22-19C4-4650-B41E-3207B1D56A46}.Debug|iPhone.Build.0 = Debug|iPhone
		{4FED1E22-19C4-4650-B41E-3207B1D56A46}.Debug|iPhoneSimulator.ActiveCfg = Debug|iPhoneSimulator
		{4FED1E22-19C4-4650-B41E-3207B1D56A46}.Debug|iPhoneSimulator.Build.0 = Debug|iPhoneSimulator
		{4FED1E22-19C4-4650-B41E-3207B1D56A46}.Debug|x64.ActiveCfg = Debug|iPhone
		{4FED1E22-19C4-4650-B41E-3207B1D56A46}.Debug|x86.ActiveCfg = Debug|iPhone
		{4FED1E22-19C4-4650-B41E-3207B1D56A46}.Release|Any CPU.ActiveCfg = Release|iPhone
		{4FED1E22-19C4-4650-B41E-3207B1D56A46}.Release|ARM.ActiveCfg = Release|iPhone
		{4FED1E22-19C4-4650-B41E-3207B1D56A46}.Release|iPhone.ActiveCfg = Release|iPhone
		{4FED1E22-19C4-4650-B41E-3207B1D56A46}.Release|iPhone.Build.0 = Release|iPhone
		{4FED1E22-19C4-4650-B41E-3207B1D56A46}.Release|iPhoneSimulator.ActiveCfg = Release|iPhoneSimulator
		{4FED1E22-19C4-4650-B41E-3207B1D56A46}.Release|iPhoneSimulator.Build.0 = Release|iPhoneSimulator
		{4FED1E22-19C4-4650-B41E-3207B1D56A46}.Release|x64.ActiveCfg = Release|iPhone
		{4FED1E22-19C4-4650-B41E-3207B1D56A46}.Release|x86.ActiveCfg = Release|iPhone
		{F0FDB6AC-B5CE-4A21-878D-37DF0A5C400A}.Ad-Hoc|Any CPU.ActiveCfg = Release|x86
		{F0FDB6AC-B5CE-4A21-878D-37DF0A5C400A}.Ad-Hoc|Any CPU.Build.0 = Release|x86
		{F0FDB6AC-B5CE-4A21-878D-37DF0A5C400A}.Ad-Hoc|Any CPU.Deploy.0 = Release|x86
		{F0FDB6AC-B5CE-4A21-878D-37DF0A5C400A}.Ad-Hoc|ARM.ActiveCfg = Release|ARM
		{F0FDB6AC-B5CE-4A21-878D-37DF0A5C400A}.Ad-Hoc|ARM.Build.0 = Release|ARM
		{F0FDB6AC-B5CE-4A21-878D-37DF0A5C400A}.Ad-Hoc|ARM.Deploy.0 = Release|ARM
		{F0FDB6AC-B5CE-4A21-878D-37DF0A5C400A}.Ad-Hoc|iPhone.ActiveCfg = Release|x86
		{F0FDB6AC-B5CE-4A21-878D-37DF0A5C400A}.Ad-Hoc|iPhone.Build.0 = Release|x86
		{F0FDB6AC-B5CE-4A21-878D-37DF0A5C400A}.Ad-Hoc|iPhone.Deploy.0 = Release|x86
		{F0FDB6AC-B5CE-4A21-878D-37DF0A5C400A}.Ad-Hoc|iPhoneSimulator.ActiveCfg = Release|x86
		{F0FDB6AC-B5CE-4A21-878D-37DF0A5C400A}.Ad-Hoc|iPhoneSimulator.Build.0 = Release|x86
		{F0FDB6AC-B5CE-4A21-878D-37DF0A5C400A}.Ad-Hoc|iPhoneSimulator.Deploy.0 = Release|x86
		{F0FDB6AC-B5CE-4A21-878D-37DF0A5C400A}.Ad-Hoc|x64.ActiveCfg = Release|x64
		{F0FDB6AC-B5CE-4A21-878D-37DF0A5C400A}.Ad-Hoc|x64.Build.0 = Release|x64
		{F0FDB6AC-B5CE-4A21-878D-37DF0A5C400A}.Ad-Hoc|x64.Deploy.0 = Release|x64
		{F0FDB6AC-B5CE-4A21-878D-37DF0A5C400A}.Ad-Hoc|x86.ActiveCfg = Release|x86
		{F0FDB6AC-B5CE-4A21-878D-37DF0A5C400A}.Ad-Hoc|x86.Build.0 = Release|x86
		{F0FDB6AC-B5CE-4A21-878D-37DF0A5C400A}.Ad-Hoc|x86.Deploy.0 = Release|x86
		{F0FDB6AC-B5CE-4A21-878D-37DF0A5C400A}.AppStore|Any CPU.ActiveCfg = Release|x86
		{F0FDB6AC-B5CE-4A21-878D-37DF0A5C400A}.AppStore|Any CPU.Build.0 = Release|x86
		{F0FDB6AC-B5CE-4A21-878D-37DF0A5C400A}.AppStore|Any CPU.Deploy.0 = Release|x86
		{F0FDB6AC-B5CE-4A21-878D-37DF0A5C400A}.AppStore|ARM.ActiveCfg = Release|ARM
		{F0FDB6AC-B5CE-4A21-878D-37DF0A5C400A}.AppStore|ARM.Build.0 = Release|ARM
		{F0FDB6AC-B5CE-4A21-878D-37DF0A5C400A}.AppStore|ARM.Deploy.0 = Release|ARM
		{F0FDB6AC-B5CE-4A21-878D-37DF0A5C400A}.AppStore|iPhone.ActiveCfg = Release|x86
		{F0FDB6AC-B5CE-4A21-878D-37DF0A5C400A}.AppStore|iPhone.Build.0 = Release|x86
		{F0FDB6AC-B5CE-4A21-878D-37DF0A5C400A}.AppStore|iPhone.Deploy.0 = Release|x86
		{F0FDB6AC-B5CE-4A21-878D-37DF0A5C400A}.AppStore|iPhoneSimulator.ActiveCfg = Release|x86
		{F0FDB6AC-B5CE-4A21-878D-37DF0A5C400A}.AppStore|iPhoneSimulator.Build.0 = Release|x86
		{F0FDB6AC-B5CE-4A21-878D-37DF0A5C400A}.AppStore|iPhoneSimulator.Deploy.0 = Release|x86
		{F0FDB6AC-B5CE-4A21-878D-37DF0A5C400A}.AppStore|x64.ActiveCfg = Release|x64
		{F0FDB6AC-B5CE-4A21-878D-37DF0A5C400A}.AppStore|x64.Build.0 = Release|x64
		{F0FDB6AC-B5CE-4A21-878D-37DF0A5C400A}.AppStore|x64.Deploy.0 = Release|x64
		{F0FDB6AC-B5CE-4A21-878D-37DF0A5C400A}.AppStore|x86.ActiveCfg = Release|x86
		{F0FDB6AC-B5CE-4A21-878D-37DF0A5C400A}.AppStore|x86.Build.0 = Release|x86
		{F0FDB6AC-B5CE-4A21-878D-37DF0A5C400A}.AppStore|x86.Deploy.0 = Release|x86
		{F0FDB6AC-B5CE-4A21-878D-37DF0A5C400A}.Debug|Any CPU.ActiveCfg = Debug|x86
		{F0FDB6AC-B5CE-4A21-878D-37DF0A5C400A}.Debug|ARM.ActiveCfg = Debug|ARM
		{F0FDB6AC-B5CE-4A21-878D-37DF0A5C400A}.Debug|ARM.Build.0 = Debug|ARM
		{F0FDB6AC-B5CE-4A21-878D-37DF0A5C400A}.Debug|ARM.Deploy.0 = Debug|ARM
		{F0FDB6AC-B5CE-4A21-878D-37DF0A5C400A}.Debug|iPhone.ActiveCfg = Debug|x86
		{F0FDB6AC-B5CE-4A21-878D-37DF0A5C400A}.Debug|iPhoneSimulator.ActiveCfg = Debug|x86
		{F0FDB6AC-B5CE-4A21-878D-37DF0A5C400A}.Debug|x64.ActiveCfg = Debug|x64
		{F0FDB6AC-B5CE-4A21-878D-37DF0A5C400A}.Debug|x64.Build.0 = Debug|x64
		{F0FDB6AC-B5CE-4A21-878D-37DF0A5C400A}.Debug|x64.Deploy.0 = Debug|x64
		{F0FDB6AC-B5CE-4A21-878D-37DF0A5C400A}.Debug|x86.ActiveCfg = Debug|x86
		{F0FDB6AC-B5CE-4A21-878D-37DF0A5C400A}.Debug|x86.Build.0 = Debug|x86
		{F0FDB6AC-B5CE-4A21-878D-37DF0A5C400A}.Debug|x86.Deploy.0 = Debug|x86
		{F0FDB6AC-B5CE-4A21-878D-37DF0A5C400A}.Release|Any CPU.ActiveCfg = Release|x86
		{F0FDB6AC-B5CE-4A21-878D-37DF0A5C400A}.Release|ARM.ActiveCfg = Release|ARM
		{F0FDB6AC-B5CE-4A21-878D-37DF0A5C400A}.Release|ARM.Build.0 = Release|ARM
		{F0FDB6AC-B5CE-4A21-878D-37DF0A5C400A}.Release|ARM.Deploy.0 = Release|ARM
		{F0FDB6AC-B5CE-4A21-878D-37DF0A5C400A}.Release|iPhone.ActiveCfg = Release|x86
		{F0FDB6AC-B5CE-4A21-878D-37DF0A5C400A}.Release|iPhoneSimulator.ActiveCfg = Release|x86
		{F0FDB6AC-B5CE-4A21-878D-37DF0A5C400A}.Release|x64.ActiveCfg = Release|x64
		{F0FDB6AC-B5CE-4A21-878D-37DF0A5C400A}.Release|x64.Build.0 = Release|x64
		{F0FDB6AC-B5CE-4A21-878D-37DF0A5C400A}.Release|x64.Deploy.0 = Release|x64
		{F0FDB6AC-B5CE-4A21-878D-37DF0A5C400A}.Release|x86.ActiveCfg = Release|x86
		{F0FDB6AC-B5CE-4A21-878D-37DF0A5C400A}.Release|x86.Build.0 = Release|x86
		{F0FDB6AC-B5CE-4A21-878D-37DF0A5C400A}.Release|x86.Deploy.0 = Release|x86
	EndGlobalSection
	GlobalSection(SolutionProperties) = preSolution
		HideSolutionNode = FALSE
	EndGlobalSection
EndGlobal
